# Generated by pub
# See https://www.dartlang.org/tools/pub/glossary#lockfile
packages:
  async:
    dependency: transitive
    description:
      name: async
      url: "https://pub.dartlang.org"
    source: hosted
    version: "2.0.8"
  collection:
    dependency: transitive
    description:
      name: collection
      url: "https://pub.dartlang.org"
    source: hosted
    version: "1.14.11"
  path:
    dependency: "direct main"
    description:
      name: path
      url: "https://pub.dartlang.org"
    source: hosted
    version: "1.6.2"
  vm_service_lib:
    dependency: "direct main"
    description:
      name: vm_service_lib
      url: "https://pub.dartlang.org"
    source: hosted
    version: "0.3.10"
  watcher:
    dependency: "direct main"
    description:
      name: watcher
      url: "https://pub.dartlang.org"
    source: hosted
    version: "0.9.7+10"
sdks:
  dart: ">=2.0.0 <3.0.0"
